
Microsoft Visual Studio Solution File, Format Version 12.00
# Visual Studio 15
VisualStudioVersion = 15.0.27703.2042
MinimumVisualStudioVersion = 10.0.40219.1
Project("{2150E333-8FDC-42A3-9474-1A3956D46DE8}") = "TestRail", "TestRail", "{BE283820-181E-49D2-BE6B-5136D20AC574}"
EndProject
Project("{2150E333-8FDC-42A3-9474-1A3956D46DE8}") = "Samples", "Samples", "{8CF3C464-4C80-49FB-87B3-42AA58203E89}"
EndProject
Project("{FAE04EC0-301F-11D3-BF4B-00C04F79EFBC}") = "Gurock.TestRail", "TestRail\testrail-api\Gurock.TestRail.csproj", "{2162E7EE-ED4C-4C41-8E21-66976AB11D1A}"
EndProject
Project("{FAE04EC0-301F-11D3-BF4B-00C04F79EFBC}") = "TestRail.Service.Base", "TestRail\TestRail.Service.Base\TestRail.Service.Base.csproj", "{FBFA9141-B5AF-4F58-B5A5-34EA560F9CB5}"
EndProject
Project("{FAE04EC0-301F-11D3-BF4B-00C04F79EFBC}") = "TestRail.Service", "TestRail\TestRail.Service\TestRail.Service.csproj", "{4858FC93-2595-4729-84B1-A9D50647DAC2}"
EndProject
Project("{FAE04EC0-301F-11D3-BF4B-00C04F79EFBC}") = "TestRail.NUnit.Tests", "Sample\TestRail.NUnit.Tests.csproj", "{23FA9368-4DA5-4CBF-98E9-C445FCF7FF2C}"
EndProject
Global
	GlobalSection(SolutionConfigurationPlatforms) = preSolution
		Debug|Any CPU = Debug|Any CPU
		Debug|x86 = Debug|x86
		Release|Any CPU = Release|Any CPU
		Release|x86 = Release|x86
	EndGlobalSection
	GlobalSection(ProjectConfigurationPlatforms) = postSolution
		{2162E7EE-ED4C-4C41-8E21-66976AB11D1A}.Debug|Any CPU.ActiveCfg = Debug|Any CPU
		{2162E7EE-ED4C-4C41-8E21-66976AB11D1A}.Debug|Any CPU.Build.0 = Debug|Any CPU
		{2162E7EE-ED4C-4C41-8E21-66976AB11D1A}.Debug|x86.ActiveCfg = Debug|x86
		{2162E7EE-ED4C-4C41-8E21-66976AB11D1A}.Debug|x86.Build.0 = Debug|x86
		{2162E7EE-ED4C-4C41-8E21-66976AB11D1A}.Release|Any CPU.ActiveCfg = Release|Any CPU
		{2162E7EE-ED4C-4C41-8E21-66976AB11D1A}.Release|Any CPU.Build.0 = Release|Any CPU
		{2162E7EE-ED4C-4C41-8E21-66976AB11D1A}.Release|x86.ActiveCfg = Release|x86
		{2162E7EE-ED4C-4C41-8E21-66976AB11D1A}.Release|x86.Build.0 = Release|x86
		{FBFA9141-B5AF-4F58-B5A5-34EA560F9CB5}.Debug|Any CPU.ActiveCfg = Debug|Any CPU
		{FBFA9141-B5AF-4F58-B5A5-34EA560F9CB5}.Debug|Any CPU.Build.0 = Debug|Any CPU
		{FBFA9141-B5AF-4F58-B5A5-34EA560F9CB5}.Debug|x86.ActiveCfg = Debug|x86
		{FBFA9141-B5AF-4F58-B5A5-34EA560F9CB5}.Debug|x86.Build.0 = Debug|x86
		{FBFA9141-B5AF-4F58-B5A5-34EA560F9CB5}.Release|Any CPU.ActiveCfg = Release|Any CPU
		{FBFA9141-B5AF-4F58-B5A5-34EA560F9CB5}.Release|Any CPU.Build.0 = Release|Any CPU
		{FBFA9141-B5AF-4F58-B5A5-34EA560F9CB5}.Release|x86.ActiveCfg = Release|x86
		{FBFA9141-B5AF-4F58-B5A5-34EA560F9CB5}.Release|x86.Build.0 = Release|x86
		{4858FC93-2595-4729-84B1-A9D50647DAC2}.Debug|Any CPU.ActiveCfg = Debug|Any CPU
		{4858FC93-2595-4729-84B1-A9D50647DAC2}.Debug|Any CPU.Build.0 = Debug|Any CPU
		{4858FC93-2595-4729-84B1-A9D50647DAC2}.Debug|x86.ActiveCfg = Debug|Any CPU
		{4858FC93-2595-4729-84B1-A9D50647DAC2}.Debug|x86.Build.0 = Debug|Any CPU
		{4858FC93-2595-4729-84B1-A9D50647DAC2}.Release|Any CPU.ActiveCfg = Release|Any CPU
		{4858FC93-2595-4729-84B1-A9D50647DAC2}.Release|Any CPU.Build.0 = Release|Any CPU
		{4858FC93-2595-4729-84B1-A9D50647DAC2}.Release|x86.ActiveCfg = Release|Any CPU
		{4858FC93-2595-4729-84B1-A9D50647DAC2}.Release|x86.Build.0 = Release|Any CPU
		{23FA9368-4DA5-4CBF-98E9-C445FCF7FF2C}.Debug|Any CPU.ActiveCfg = Debug|Any CPU
		{23FA9368-4DA5-4CBF-98E9-C445FCF7FF2C}.Debug|Any CPU.Build.0 = Debug|Any CPU
		{23FA9368-4DA5-4CBF-98E9-C445FCF7FF2C}.Debug|x86.ActiveCfg = Debug|Any CPU
		{23FA9368-4DA5-4CBF-98E9-C445FCF7FF2C}.Debug|x86.Build.0 = Debug|Any CPU
		{23FA9368-4DA5-4CBF-98E9-C445FCF7FF2C}.Release|Any CPU.ActiveCfg = Release|Any CPU
		{23FA9368-4DA5-4CBF-98E9-C445FCF7FF2C}.Release|Any CPU.Build.0 = Release|Any CPU
		{23FA9368-4DA5-4CBF-98E9-C445FCF7FF2C}.Release|x86.ActiveCfg = Release|Any CPU
		{23FA9368-4DA5-4CBF-98E9-C445FCF7FF2C}.Release|x86.Build.0 = Release|Any CPU
	EndGlobalSection
	GlobalSection(SolutionProperties) = preSolution
		HideSolutionNode = FALSE
	EndGlobalSection
	GlobalSection(NestedProjects) = preSolution
		{2162E7EE-ED4C-4C41-8E21-66976AB11D1A} = {BE283820-181E-49D2-BE6B-5136D20AC574}
		{FBFA9141-B5AF-4F58-B5A5-34EA560F9CB5} = {BE283820-181E-49D2-BE6B-5136D20AC574}
		{4858FC93-2595-4729-84B1-A9D50647DAC2} = {BE283820-181E-49D2-BE6B-5136D20AC574}
		{23FA9368-4DA5-4CBF-98E9-C445FCF7FF2C} = {8CF3C464-4C80-49FB-87B3-42AA58203E89}
	EndGlobalSection
	GlobalSection(ExtensibilityGlobals) = postSolution
		SolutionGuid = {244253AA-2BAC-437F-953C-21AE06472751}
	EndGlobalSection
EndGlobal
